
Microsoft Visual Studio Solution File, Format Version 12.00
# Visual Studio 14
VisualStudioVersion = 14.0.25123.0
MinimumVisualStudioVersion = 10.0.40219.1
Project("{00D1A9C2-B5F0-4AF3-8072-F6C62B433612}") = "DatabaseSQL", "DatabaseSQL\DatabaseSQL.sqlproj", "{D4618A01-814C-444F-8122-CD6B565323D5}"
EndProject
Project("{FAE04EC0-301F-11D3-BF4B-00C04F79EFBC}") = "DomenskeKlase", "DomenskeKlase\DomenskeKlase.csproj", "{DD7B5158-2DE1-4E7B-A6DC-E0069DEFFB07}"
EndProject
Project("{FAE04EC0-301F-11D3-BF4B-00C04F79EFBC}") = "Broker", "Broker\Broker.csproj", "{84780876-A3D0-4E1C-8D75-2F20F33EA4E4}"
EndProject
Project("{FAE04EC0-301F-11D3-BF4B-00C04F79EFBC}") = "SistemskeOperacije", "SistemskeOperacije\SistemskeOperacije.csproj", "{C817CC6F-957F-4C6E-BB16-2FAF1C50DFBD}"
EndProject
Project("{FAE04EC0-301F-11D3-BF4B-00C04F79EFBC}") = "KontrolorAplikativnelogike", "KontrolorAplikativneLogike\KontrolorAplikativnelogike.csproj", "{2B796950-0329-4FD3-96D8-0C0E20783D46}"
EndProject
Project("{FAE04EC0-301F-11D3-BF4B-00C04F79EFBC}") = "WCFlicitacija", "WCFlicitacija\WCFlicitacija.csproj", "{2967624C-BA88-4AD0-8236-AE7396057142}"
EndProject
Project("{FAE04EC0-301F-11D3-BF4B-00C04F79EFBC}") = "WpfInterface", "WpfInterface\WpfInterface.csproj", "{E78DBEB9-DA4A-43CF-BFE3-3DDFBF2E5A6C}"
	ProjectSection(ProjectDependencies) = postProject
		{2967624C-BA88-4AD0-8236-AE7396057142} = {2967624C-BA88-4AD0-8236-AE7396057142}
	EndProjectSection
EndProject
Global
	GlobalSection(SolutionConfigurationPlatforms) = preSolution
		Debug|Any CPU = Debug|Any CPU
		Release|Any CPU = Release|Any CPU
	EndGlobalSection
	GlobalSection(ProjectConfigurationPlatforms) = postSolution
		{D4618A01-814C-444F-8122-CD6B565323D5}.Debug|Any CPU.ActiveCfg = Debug|Any CPU
		{D4618A01-814C-444F-8122-CD6B565323D5}.Debug|Any CPU.Build.0 = Debug|Any CPU
		{D4618A01-814C-444F-8122-CD6B565323D5}.Debug|Any CPU.Deploy.0 = Debug|Any CPU
		{D4618A01-814C-444F-8122-CD6B565323D5}.Release|Any CPU.ActiveCfg = Release|Any CPU
		{D4618A01-814C-444F-8122-CD6B565323D5}.Release|Any CPU.Build.0 = Release|Any CPU
		{D4618A01-814C-444F-8122-CD6B565323D5}.Release|Any CPU.Deploy.0 = Release|Any CPU
		{DD7B5158-2DE1-4E7B-A6DC-E0069DEFFB07}.Debug|Any CPU.ActiveCfg = Debug|Any CPU
		{DD7B5158-2DE1-4E7B-A6DC-E0069DEFFB07}.Debug|Any CPU.Build.0 = Debug|Any CPU
		{DD7B5158-2DE1-4E7B-A6DC-E0069DEFFB07}.Release|Any CPU.ActiveCfg = Release|Any CPU
		{DD7B5158-2DE1-4E7B-A6DC-E0069DEFFB07}.Release|Any CPU.Build.0 = Release|Any CPU
		{84780876-A3D0-4E1C-8D75-2F20F33EA4E4}.Debug|Any CPU.ActiveCfg = Debug|Any CPU
		{84780876-A3D0-4E1C-8D75-2F20F33EA4E4}.Debug|Any CPU.Build.0 = Debug|Any CPU
		{84780876-A3D0-4E1C-8D75-2F20F33EA4E4}.Release|Any CPU.ActiveCfg = Release|Any CPU
		{84780876-A3D0-4E1C-8D75-2F20F33EA4E4}.Release|Any CPU.Build.0 = Release|Any CPU
		{C817CC6F-957F-4C6E-BB16-2FAF1C50DFBD}.Debug|Any CPU.ActiveCfg = Debug|Any CPU
		{C817CC6F-957F-4C6E-BB16-2FAF1C50DFBD}.Debug|Any CPU.Build.0 = Debug|Any CPU
		{C817CC6F-957F-4C6E-BB16-2FAF1C50DFBD}.Release|Any CPU.ActiveCfg = Release|Any CPU
		{C817CC6F-957F-4C6E-BB16-2FAF1C50DFBD}.Release|Any CPU.Build.0 = Release|Any CPU
		{2B796950-0329-4FD3-96D8-0C0E20783D46}.Debug|Any CPU.ActiveCfg = Debug|Any CPU
		{2B796950-0329-4FD3-96D8-0C0E20783D46}.Debug|Any CPU.Build.0 = Debug|Any CPU
		{2B796950-0329-4FD3-96D8-0C0E20783D46}.Release|Any CPU.ActiveCfg = Release|Any CPU
		{2B796950-0329-4FD3-96D8-0C0E20783D46}.Release|Any CPU.Build.0 = Release|Any CPU
		{2967624C-BA88-4AD0-8236-AE7396057142}.Debug|Any CPU.ActiveCfg = Debug|Any CPU
		{2967624C-BA88-4AD0-8236-AE7396057142}.Debug|Any CPU.Build.0 = Debug|Any CPU
		{2967624C-BA88-4AD0-8236-AE7396057142}.Release|Any CPU.ActiveCfg = Release|Any CPU
		{2967624C-BA88-4AD0-8236-AE7396057142}.Release|Any CPU.Build.0 = Release|Any CPU
		{E78DBEB9-DA4A-43CF-BFE3-3DDFBF2E5A6C}.Debug|Any CPU.ActiveCfg = Debug|Any CPU
		{E78DBEB9-DA4A-43CF-BFE3-3DDFBF2E5A6C}.Debug|Any CPU.Build.0 = Debug|Any CPU
		{E78DBEB9-DA4A-43CF-BFE3-3DDFBF2E5A6C}.Release|Any CPU.ActiveCfg = Release|Any CPU
		{E78DBEB9-DA4A-43CF-BFE3-3DDFBF2E5A6C}.Release|Any CPU.Build.0 = Release|Any CPU
	EndGlobalSection
	GlobalSection(SolutionProperties) = preSolution
		HideSolutionNode = FALSE
	EndGlobalSection
EndGlobal
